
Microsoft Visual Studio Solution File, Format Version 12.00
# Visual Studio Version 17
VisualStudioVersion = 17.8.34511.84
MinimumVisualStudioVersion = 10.0.40219.1
Project("{FAE04EC0-301F-11D3-BF4B-00C04F79EFBC}") = "TrocaValores", "TrocaValores\TrocaValores.csproj", "{A34B7318-5F33-4991-B8E0-3B474EC9D057}"
EndProject
Global
	GlobalSection(SolutionConfigurationPlatforms) = preSolution
		Debug|Any CPU = Debug|Any CPU
		Release|Any CPU = Release|Any CPU
	EndGlobalSection
	GlobalSection(ProjectConfigurationPlatforms) = postSolution
		{A34B7318-5F33-4991-B8E0-3B474EC9D057}.Debug|Any CPU.ActiveCfg = Debug|Any CPU
		{A34B7318-5F33-4991-B8E0-3B474EC9D057}.Debug|Any CPU.Build.0 = Debug|Any CPU
		{A34B7318-5F33-4991-B8E0-3B474EC9D057}.Release|Any CPU.ActiveCfg = Release|Any CPU
		{A34B7318-5F33-4991-B8E0-3B474EC9D057}.Release|Any CPU.Build.0 = Release|Any CPU
	EndGlobalSection
	GlobalSection(SolutionProperties) = preSolution
		HideSolutionNode = FALSE
	EndGlobalSection
	GlobalSection(ExtensibilityGlobals) = postSolution
		SolutionGuid = {A509D3B0-9C16-4980-A64D-BDE2E9DCA241}
	EndGlobalSection
EndGlobal
